// !$*UTF8*$!
{
	archiveVersion = 1;
	classes = {
	};
	objectVersion = 46;
	objects = {

/* Begin PBXBuildFile section */
		DCD2BE371F737BCC00FDADD0 /* BusinessCell.swift in Sources */ = {isa = PBXBuildFile; fileRef = DCD2BE361F737BCC00FDADD0 /* BusinessCell.swift */; };
		DCD2BE391F74AAB700FDADD0 /* Business.swift in Sources */ = {isa = PBXBuildFile; fileRef = DCD2BE381F74AAB700FDADD0 /* Business.swift */; };
		DCD2BE3B1F74DB0D00FDADD0 /* FilterViewController.swift in Sources */ = {isa = PBXBuildFile; fileRef = DCD2BE3A1F74DB0D00FDADD0 /* FilterViewController.swift */; };
		DCD2BE3D1F78762400FDADD0 /* SwitchCell.swift in Sources */ = {isa = PBXBuildFile; fileRef = DCD2BE3C1F78762400FDADD0 /* SwitchCell.swift */; };
		DCD2BE3F1F7876FA00FDADD0 /* Filters.swift in Sources */ = {isa = PBXBuildFile; fileRef = DCD2BE3E1F7876FA00FDADD0 /* Filters.swift */; };
		DCDAC6FC1F70D7CB00424DE9 /* AppDelegate.swift in Sources */ = {isa = PBXBuildFile; fileRef = DCDAC6FB1F70D7CB00424DE9 /* AppDelegate.swift */; };
		DCDAC6FE1F70D7CB00424DE9 /* ViewController.swift in Sources */ = {isa = PBXBuildFile; fileRef = DCDAC6FD1F70D7CB00424DE9 /* ViewController.swift */; };
		DCDAC7011F70D7CB00424DE9 /* Main.storyboard in Resources */ = {isa = PBXBuildFile; fileRef = DCDAC6FF1F70D7CB00424DE9 /* Main.storyboard */; };
		DCDAC7031F70D7CB00424DE9 /* Assets.xcassets in Resources */ = {isa = PBXBuildFile; fileRef = DCDAC7021F70D7CB00424DE9 /* Assets.xcassets */; };
		DCDAC7061F70D7CB00424DE9 /* LaunchScreen.storyboard in Resources */ = {isa = PBXBuildFile; fileRef = DCDAC7041F70D7CB00424DE9 /* LaunchScreen.storyboard */; };
		DCDAC7101F70DCA600424DE9 /* Yelp.swift in Sources */ = {isa = PBXBuildFile; fileRef = DCDAC70F1F70DCA600424DE9 /* Yelp.swift */; };
		DCDAC7121F70DD6700424DE9 /* Secrets.plist in Resources */ = {isa = PBXBuildFile; fileRef = DCDAC7111F70DD6700424DE9 /* Secrets.plist */; };
		FD7B2606BF363BCBDB6E51F8 /* Pods_Diner.framework in Frameworks */ = {isa = PBXBuildFile; fileRef = FDCB05FD71832A88061B1015 /* Pods_Diner.framework */; };
/* End PBXBuildFile section */

/* Begin PBXFileReference section */
		4EC1A94C2F71C3D973B19407 /* Pods-Diner.release.xcconfig */ = {isa = PBXFileReference; includeInIndex = 1; lastKnownFileType = text.xcconfig; name = "Pods-Diner.release.xcconfig"; path = "Pods/Target Support Files/Pods-Diner/Pods-Diner.release.xcconfig"; sourceTree = "<group>"; };
		5EFCF2A881CAF81F9970EC3D /* Pods-Diner.debug.xcconfig */ = {isa = PBXFileReference; includeInIndex = 1; lastKnownFileType = text.xcconfig; name = "Pods-Diner.debug.xcconfig"; path = "Pods/Target Support Files/Pods-Diner/Pods-Diner.debug.xcconfig"; sourceTree = "<group>"; };
		DCD2BE361F737BCC00FDADD0 /* BusinessCell.swift */ = {isa = PBXFileReference; fileEncoding = 4; lastKnownFileType = sourcecode.swift; path = BusinessCell.swift; sourceTree = "<group>"; };
		DCD2BE381F74AAB700FDADD0 /* Business.swift */ = {isa = PBXFileReference; fileEncoding = 4; lastKnownFileType = sourcecode.swift; path = Business.swift; sourceTree = "<group>"; };
		DCD2BE3A1F74DB0D00FDADD0 /* FilterViewController.swift */ = {isa = PBXFileReference; fileEncoding = 4; lastKnownFileType = sourcecode.swift; path = FilterViewController.swift; sourceTree = "<group>"; };
		DCD2BE3C1F78762400FDADD0 /* SwitchCell.swift */ = {isa = PBXFileReference; fileEncoding = 4; lastKnownFileType = sourcecode.swift; path = SwitchCell.swift; sourceTree = "<group>"; };
		DCD2BE3E1F7876FA00FDADD0 /* Filters.swift */ = {isa = PBXFileReference; fileEncoding = 4; lastKnownFileType = sourcecode.swift; path = Filters.swift; sourceTree = "<group>"; };
		DCDAC6F81F70D7CB00424DE9 /* Diner.app */ = {isa = PBXFileReference; explicitFileType = wrapper.application; includeInIndex = 0; path = Diner.app; sourceTree = BUILT_PRODUCTS_DIR; };
		DCDAC6FB1F70D7CB00424DE9 /* AppDelegate.swift */ = {isa = PBXFileReference; lastKnownFileType = sourcecode.swift; path = AppDelegate.swift; sourceTree = "<group>"; };
		DCDAC6FD1F70D7CB00424DE9 /* ViewController.swift */ = {isa = PBXFileReference; lastKnownFileType = sourcecode.swift; path = ViewController.swift; sourceTree = "<group>"; };
		DCDAC7001F70D7CB00424DE9 /* Base */ = {isa = PBXFileReference; lastKnownFileType = file.storyboard; name = Base; path = Base.lproj/Main.storyboard; sourceTree = "<group>"; };
		DCDAC7021F70D7CB00424DE9 /* Assets.xcassets */ = {isa = PBXFileReference; lastKnownFileType = folder.assetcatalog; path = Assets.xcassets; sourceTree = "<group>"; };
		DCDAC7051F70D7CB00424DE9 /* Base */ = {isa = PBXFileReference; lastKnownFileType = file.storyboard; name = Base; path = Base.lproj/LaunchScreen.storyboard; sourceTree = "<group>"; };
		DCDAC7071F70D7CB00424DE9 /* Info.plist */ = {isa = PBXFileReference; lastKnownFileType = text.plist.xml; path = Info.plist; sourceTree = "<group>"; };
		DCDAC70F1F70DCA600424DE9 /* Yelp.swift */ = {isa = PBXFileReference; fileEncoding = 4; lastKnownFileType = sourcecode.swift; path = Yelp.swift; sourceTree = "<group>"; };
		DCDAC7111F70DD6700424DE9 /* Secrets.plist */ = {isa = PBXFileReference; fileEncoding = 4; lastKnownFileType = text.plist.xml; path = Secrets.plist; sourceTree = "<group>"; };
		FDCB05FD71832A88061B1015 /* Pods_Diner.framework */ = {isa = PBXFileReference; explicitFileType = wrapper.framework; includeInIndex = 0; path = Pods_Diner.framework; sourceTree = BUILT_PRODUCTS_DIR; };
/* End PBXFileReference section */

/* Begin PBXFrameworksBuildPhase section */
		DCDAC6F51F70D7CB00424DE9 /* Frameworks */ = {
			isa = PBXFrameworksBuildPhase;
			buildActionMask = 2147483647;
			files = (
				FD7B2606BF363BCBDB6E51F8 /* Pods_Diner.framework in Frameworks */,
			);
			runOnlyForDeploymentPostprocessing = 0;
		};
/* End PBXFrameworksBuildPhase section */

/* Begin PBXGroup section */
		1B1178340D4122A5E4A8BCC1 /* Frameworks */ = {
			isa = PBXGroup;
			children = (
				FDCB05FD71832A88061B1015 /* Pods_Diner.framework */,
			);
			name = Frameworks;
			sourceTree = "<group>";
		};
		968C8FD4E944EB8E111F7613 /* Pods */ = {
			isa = PBXGroup;
			children = (
				5EFCF2A881CAF81F9970EC3D /* Pods-Diner.debug.xcconfig */,
				4EC1A94C2F71C3D973B19407 /* Pods-Diner.release.xcconfig */,
			);
			name = Pods;
			sourceTree = "<group>";
		};
		DCDAC6EF1F70D7CB00424DE9 = {
			isa = PBXGroup;
			children = (
				DCDAC6FA1F70D7CB00424DE9 /* Diner */,
				DCDAC6F91F70D7CB00424DE9 /* Products */,
				968C8FD4E944EB8E111F7613 /* Pods */,
				1B1178340D4122A5E4A8BCC1 /* Frameworks */,
			);
			sourceTree = "<group>";
		};
		DCDAC6F91F70D7CB00424DE9 /* Products */ = {
			isa = PBXGroup;
			children = (
				DCDAC6F81F70D7CB00424DE9 /* Diner.app */,
			);
			name = Products;
			sourceTree = "<group>";
		};
		DCDAC6FA1F70D7CB00424DE9 /* Diner */ = {
			isa = PBXGroup;
			children = (
				DCDAC6FB1F70D7CB00424DE9 /* AppDelegate.swift */,
				DCDAC70F1F70DCA600424DE9 /* Yelp.swift */,
				DCD2BE381F74AAB700FDADD0 /* Business.swift */,
				DCDAC6FD1F70D7CB00424DE9 /* ViewController.swift */,
				DCDAC6FF1F70D7CB00424DE9 /* Main.storyboard */,
				DCD2BE3E1F7876FA00FDADD0 /* Filters.swift */,
				DCD2BE3C1F78762400FDADD0 /* SwitchCell.swift */,
				DCD2BE361F737BCC00FDADD0 /* BusinessCell.swift */,
				DCDAC7021F70D7CB00424DE9 /* Assets.xcassets */,
				DCDAC7041F70D7CB00424DE9 /* LaunchScreen.storyboard */,
				DCDAC7071F70D7CB00424DE9 /* Info.plist */,
				DCDAC7111F70DD6700424DE9 /* Secrets.plist */,
				DCD2BE3A1F74DB0D00FDADD0 /* FilterViewController.swift */,
			);
			path = Diner;
			sourceTree = "<group>";
		};
/* End PBXGroup section */

/* Begin PBXNativeTarget section */
		DCDAC6F71F70D7CB00424DE9 /* Diner */ = {
			isa = PBXNativeTarget;
			buildConfigurationList = DCDAC70A1F70D7CB00424DE9 /* Build configuration list for PBXNativeTarget "Diner" */;
			buildPhases = (
				FB07360D5CDF18F331603CE3 /* [CP] Check Pods Manifest.lock */,
				DCDAC6F41F70D7CB00424DE9 /* Sources */,
				DCDAC6F51F70D7CB00424DE9 /* Frameworks */,
				DCDAC6F61F70D7CB00424DE9 /* Resources */,
				051800DEA923C0858B99F51B /* [CP] Embed Pods Frameworks */,
				E58982AB25F206954B641F4E /* [CP] Copy Pods Resources */,
			);
			buildRules = (
			);
			dependencies = (
			);
			name = Diner;
			productName = Diner;
			productReference = DCDAC6F81F70D7CB00424DE9 /* Diner.app */;
			productType = "com.apple.product-type.application";
		};
/* End PBXNativeTarget section */

/* Begin PBXProject section */
		DCDAC6F01F70D7CB00424DE9 /* Project object */ = {
			isa = PBXProject;
			attributes = {
				LastSwiftUpdateCheck = 0830;
				LastUpgradeCheck = 0830;
				ORGANIZATIONNAME = "Prithvi Prabahar";
				TargetAttributes = {
					DCDAC6F71F70D7CB00424DE9 = {
						CreatedOnToolsVersion = 8.3.3;
						DevelopmentTeam = 238UFQK4XS;
						ProvisioningStyle = Automatic;
					};
				};
			};
			buildConfigurationList = DCDAC6F31F70D7CB00424DE9 /* Build configuration list for PBXProject "Diner" */;
			compatibilityVersion = "Xcode 3.2";
			developmentRegion = English;
			hasScannedForEncodings = 0;
			knownRegions = (
				en,
				Base,
			);
			mainGroup = DCDAC6EF1F70D7CB00424DE9;
			productRefGroup = DCDAC6F91F70D7CB00424DE9 /* Products */;
			projectDirPath = "";
			projectRoot = "";
			targets = (
				DCDAC6F71F70D7CB00424DE9 /* Diner */,
			);
		};
/* End PBXProject section */

/* Begin PBXResourcesBuildPhase section */
		DCDAC6F61F70D7CB00424DE9 /* Resources */ = {
			isa = PBXResourcesBuildPhase;
			buildActionMask = 2147483647;
			files = (
				DCDAC7121F70DD6700424DE9 /* Secrets.plist in Resources */,
				DCDAC7061F70D7CB00424DE9 /* LaunchScreen.storyboard in Resources */,
				DCDAC7031F70D7CB00424DE9 /* Assets.xcassets in Resources */,
				DCDAC7011F70D7CB00424DE9 /* Main.storyboard in Resources */,
			);
			runOnlyForDeploymentPostprocessing = 0;
		};
/* End PBXResourcesBuildPhase section */

/* Begin PBXShellScriptBuildPhase section */
		051800DEA923C0858B99F51B /* [CP] Embed Pods Frameworks */ = {
			isa = PBXShellScriptBuildPhase;
			buildActionMask = 2147483647;
			files = (
			);
			inputPaths = (
				"${SRCROOT}/Pods/Target Support Files/Pods-Diner/Pods-Diner-frameworks.sh",
				"${BUILT_PRODUCTS_DIR}/AFNetworking/AFNetworking.framework",
			);
			name = "[CP] Embed Pods Frameworks";
			outputPaths = (
				"${TARGET_BUILD_DIR}/${FRAMEWORKS_FOLDER_PATH}/AFNetworking.framework",
			);
			runOnlyForDeploymentPostprocessing = 0;
			shellPath = /bin/sh;
			shellScript = "\"${SRCROOT}/Pods/Target Support Files/Pods-Diner/Pods-Diner-frameworks.sh\"\n";
			showEnvVarsInLog = 0;
		};
		E58982AB25F206954B641F4E /* [CP] Copy Pods Resources */ = {
			isa = PBXShellScriptBuildPhase;
			buildActionMask = 2147483647;
			files = (
			);
			inputPaths = (
			);
			name = "[CP] Copy Pods Resources";
			outputPaths = (
			);
			runOnlyForDeploymentPostprocessing = 0;
			shellPath = /bin/sh;
			shellScript = "\"${SRCROOT}/Pods/Target Support Files/Pods-Diner/Pods-Diner-resources.sh\"\n";
			showEnvVarsInLog = 0;
		};
		FB07360D5CDF18F331603CE3 /* [CP] Check Pods Manifest.lock */ = {
			isa = PBXShellScriptBuildPhase;
			buildActionMask = 2147483647;
			files = (
			);
			inputPaths = (
				"${PODS_PODFILE_DIR_PATH}/Podfile.lock",
				"${PODS_ROOT}/Manifest.lock",
			);
			name = "[CP] Check Pods Manifest.lock";
			outputPaths = (
				"$(DERIVED_FILE_DIR)/Pods-Diner-checkManifestLockResult.txt",
			);
			runOnlyForDeploymentPostprocessing = 0;
			shellPath = /bin/sh;
			shellScript = "diff \"${PODS_PODFILE_DIR_PATH}/Podfile.lock\" \"${PODS_ROOT}/Manifest.lock\" > /dev/null\nif [ $? != 0 ] ; then\n    # print error to STDERR\n    echo \"error: The sandbox is not in sync with the Podfile.lock. Run 'pod install' or update your CocoaPods installation.\" >&2\n    exit 1\nfi\n# This output is used by Xcode 'outputs' to avoid re-running this script phase.\necho \"SUCCESS\" > \"${SCRIPT_OUTPUT_FILE_0}\"\n";
			showEnvVarsInLog = 0;
		};
/* End PBXShellScriptBuildPhase section */

/* Begin PBXSourcesBuildPhase section */
		DCDAC6F41F70D7CB00424DE9 /* Sources */ = {
			isa = PBXSourcesBuildPhase;
			buildActionMask = 2147483647;
			files = (
				DCD2BE3B1F74DB0D00FDADD0 /* FilterViewController.swift in Sources */,
				DCD2BE3F1F7876FA00FDADD0 /* Filters.swift in Sources */,
				DCDAC6FE1F70D7CB00424DE9 /* ViewController.swift in Sources */,
				DCD2BE371F737BCC00FDADD0 /* BusinessCell.swift in Sources */,
				DCD2BE3D1F78762400FDADD0 /* SwitchCell.swift in Sources */,
				DCDAC7101F70DCA600424DE9 /* Yelp.swift in Sources */,
				DCD2BE391F74AAB700FDADD0 /* Business.swift in Sources */,
				DCDAC6FC1F70D7CB00424DE9 /* AppDelegate.swift in Sources */,
			);
			runOnlyForDeploymentPostprocessing = 0;
		};
/* End PBXSourcesBuildPhase section */

/* Begin PBXVariantGroup section */
		DCDAC6FF1F70D7CB00424DE9 /* Main.storyboard */ = {
			isa = PBXVariantGroup;
			children = (
				DCDAC7001F70D7CB00424DE9 /* Base */,
			);
			name = Main.storyboard;
			sourceTree = "<group>";
		};
		DCDAC7041F70D7CB00424DE9 /* LaunchScreen.storyboard */ = {
			isa = PBXVariantGroup;
			children = (
				DCDAC7051F70D7CB00424DE9 /* Base */,
			);
			name = LaunchScreen.storyboard;
			sourceTree = "<group>";
		};
/* End PBXVariantGroup section */

/* Begin XCBuildConfiguration section */
		DCDAC7081F70D7CB00424DE9 /* Debug */ = {
			isa = XCBuildConfiguration;
			buildSettings = {
				ALWAYS_SEARCH_USER_PATHS = NO;
				CLANG_ANALYZER_NONNULL = YES;
				CLANG_ANALYZER_NUMBER_OBJECT_CONVERSION = YES_AGGRESSIVE;
				CLANG_CXX_LANGUAGE_STANDARD = "gnu++0x";
				CLANG_CXX_LIBRARY = "libc++";
				CLANG_ENABLE_MODULES = YES;
				CLANG_ENABLE_OBJC_ARC = YES;
				CLANG_WARN_BOOL_CONVERSION = YES;
				CLANG_WARN_CONSTANT_CONVERSION = YES;
				CLANG_WARN_DIRECT_OBJC_ISA_USAGE = YES_ERROR;
				CLANG_WARN_DOCUMENTATION_COMMENTS = YES;
				CLANG_WARN_EMPTY_BODY = YES;
				CLANG_WARN_ENUM_CONVERSION = YES;
				CLANG_WARN_INFINITE_RECURSION = YES;
				CLANG_WARN_INT_CONVERSION = YES;
				CLANG_WARN_OBJC_ROOT_CLASS = YES_ERROR;
				CLANG_WARN_SUSPICIOUS_MOVE = YES;
				CLANG_WARN_UNREACHABLE_CODE = YES;
				CLANG_WARN__DUPLICATE_METHOD_MATCH = YES;
				"CODE_SIGN_IDENTITY[sdk=iphoneos*]" = "iPhone Developer";
				COPY_PHASE_STRIP = NO;
				DEBUG_INFORMATION_FORMAT = dwarf;
				ENABLE_STRICT_OBJC_MSGSEND = YES;
				ENABLE_TESTABILITY = YES;
				GCC_C_LANGUAGE_STANDARD = gnu99;
				GCC_DYNAMIC_NO_PIC = NO;
				GCC_NO_COMMON_BLOCKS = YES;
				GCC_OPTIMIZATION_LEVEL = 0;
				GCC_PREPROCESSOR_DEFINITIONS = (
					"DEBUG=1",
					"$(inherited)",
				);
				GCC_WARN_64_TO_32_BIT_CONVERSION = YES;
				GCC_WARN_ABOUT_RETURN_TYPE = YES_ERROR;
				GCC_WARN_UNDECLARED_SELECTOR = YES;
				GCC_WARN_UNINITIALIZED_AUTOS = YES_AGGRESSIVE;
				GCC_WARN_UNUSED_FUNCTION = YES;
				GCC_WARN_UNUSED_VARIABLE = YES;
				IPHONEOS_DEPLOYMENT_TARGET = 10.3;
				MTL_ENABLE_DEBUG_INFO = YES;
				ONLY_ACTIVE_ARCH = YES;
				SDKROOT = iphoneos;
				SWIFT_ACTIVE_COMPILATION_CONDITIONS = DEBUG;
				SWIFT_OPTIMIZATION_LEVEL = "-Onone";
			};
			name = Debug;
		};
		DCDAC7091F70D7CB00424DE9 /* Release */ = {
			isa = XCBuildConfiguration;
			buildSettings = {
				ALWAYS_SEARCH_USER_PATHS = NO;
				CLANG_ANALYZER_NONNULL = YES;
				CLANG_ANALYZER_NUMBER_OBJECT_CONVERSION = YES_AGGRESSIVE;
				CLANG_CXX_LANGUAGE_STANDARD = "gnu++0x";
				CLANG_CXX_LIBRARY = "libc++";
				CLANG_ENABLE_MODULES = YES;
				CLANG_ENABLE_OBJC_ARC = YES;
				CLANG_WARN_BOOL_CONVERSION = YES;
				CLANG_WARN_CONSTANT_CONVERSION = YES;
				CLANG_WARN_DIRECT_OBJC_ISA_USAGE = YES_ERROR;
				CLANG_WARN_DOCUMENTATION_COMMENTS = YES;
				CLANG_WARN_EMPTY_BODY = YES;
				CLANG_WARN_ENUM_CONVERSION = YES;
				CLANG_WARN_INFINITE_RECURSION = YES;
				CLANG_WARN_INT_CONVERSION = YES;
				CLANG_WARN_OBJC_ROOT_CLASS = YES_ERROR;
				CLANG_WARN_SUSPICIOUS_MOVE = YES;
				CLANG_WARN_UNREACHABLE_CODE = YES;
				CLANG_WARN__DUPLICATE_METHOD_MATCH = YES;
				"CODE_SIGN_IDENTITY[sdk=iphoneos*]" = "iPhone Developer";
				COPY_PHASE_STRIP = NO;
				DEBUG_INFORMATION_FORMAT = "dwarf-with-dsym";
				ENABLE_NS_ASSERTIONS = NO;
				ENABLE_STRICT_OBJC_MSGSEND = YES;
				GCC_C_LANGUAGE_STANDARD = gnu99;
				GCC_NO_COMMON_BLOCKS = YES;
				GCC_WARN_64_TO_32_BIT_CONVERSION = YES;
				GCC_WARN_ABOUT_RETURN_TYPE = YES_ERROR;
				GCC_WARN_UNDECLARED_SELECTOR = YES;
				GCC_WARN_UNINITIALIZED_AUTOS = YES_AGGRESSIVE;
				GCC_WARN_UNUSED_FUNCTION = YES;
				GCC_WARN_UNUSED_VARIABLE = YES;
				IPHONEOS_DEPLOYMENT_TARGET = 10.3;
				MTL_ENABLE_DEBUG_INFO = NO;
				SDKROOT = iphoneos;
				SWIFT_OPTIMIZATION_LEVEL = "-Owholemodule";
				VALIDATE_PRODUCT = YES;
			};
			name = Release;
		};
		DCDAC70B1F70D7CB00424DE9 /* Debug */ = {
			isa = XCBuildConfiguration;
			baseConfigurationReference = 5EFCF2A881CAF81F9970EC3D /* Pods-Diner.debug.xcconfig */;
			buildSettings = {
				ASSETCATALOG_COMPILER_APPICON_NAME = AppIcon;
				DEVELOPMENT_TEAM = 238UFQK4XS;
				INFOPLIST_FILE = Diner/Info.plist;
				LD_RUNPATH_SEARCH_PATHS = "$(inherited) @executable_path/Frameworks";
				PRODUCT_BUNDLE_IDENTIFIER = "Prithvi-Prabahar.Diner";
				PRODUCT_NAME = "$(TARGET_NAME)";
				SWIFT_VERSION = 3.0;
			};
			name = Debug;
		};
		DCDAC70C1F70D7CB00424DE9 /* Release */ = {
			isa = XCBuildConfiguration;
			baseConfigurationReference = 4EC1A94C2F71C3D973B19407 /* Pods-Diner.release.xcconfig */;
			buildSettings = {
				ASSETCATALOG_COMPILER_APPICON_NAME = AppIcon;
				DEVELOPMENT_TEAM = 238UFQK4XS;
				INFOPLIST_FILE = Diner/Info.plist;
				LD_RUNPATH_SEARCH_PATHS = "$(inherited) @executable_path/Frameworks";
				PRODUCT_BUNDLE_IDENTIFIER = "Prithvi-Prabahar.Diner";
				PRODUCT_NAME = "$(TARGET_NAME)";
				SWIFT_VERSION = 3.0;
			};
			name = Release;
		};
/* End XCBuildConfiguration section */

/* Begin XCConfigurationList section */
		DCDAC6F31F70D7CB00424DE9 /* Build configuration list for PBXProject "Diner" */ = {
			isa = XCConfigurationList;
			buildConfigurations = (
				DCDAC7081F70D7CB00424DE9 /* Debug */,
				DCDAC7091F70D7CB00424DE9 /* Release */,
			);
			defaultConfigurationIsVisible = 0;
			defaultConfigurationName = Release;
		};
		DCDAC70A1F70D7CB00424DE9 /* Build configuration list for PBXNativeTarget "Diner" */ = {
			isa = XCConfigurationList;
			buildConfigurations = (
				DCDAC70B1F70D7CB00424DE9 /* Debug */,
				DCDAC70C1F70D7CB00424DE9 /* Release */,
			);
			defaultConfigurationIsVisible = 0;
			defaultConfigurationName = Release;
		};
/* End XCConfigurationList section */
	};
	rootObject = DCDAC6F01F70D7CB00424DE9 /* Project object */;
}
